
Microsoft Visual Studio Solution File, Format Version 12.00
# Visual Studio 15
VisualStudioVersion = 15.0.28307.329
MinimumVisualStudioVersion = 10.0.40219.1
Project("{FAE04EC0-301F-11D3-BF4B-00C04F79EFBC}") = "TaskManager.Entities", "TaskManager.Entities\TaskManager.Entities.csproj", "{5BB134CE-2EF3-4560-A9D3-904D56B955BE}"
EndProject
Project("{FAE04EC0-301F-11D3-BF4B-00C04F79EFBC}") = "TaskManager.DataLib", "TaskManager.DataLib\TaskManager.DataLib.csproj", "{B3440ACF-0E51-473B-83A2-20A0ACD4E4E6}"
EndProject
Project("{FAE04EC0-301F-11D3-BF4B-00C04F79EFBC}") = "TaskManager.BusinessLib", "TaskManager.BusinessLib\TaskManager.BusinessLib.csproj", "{26500BA4-71C6-4014-A965-F2041775F69C}"
EndProject
Project("{FAE04EC0-301F-11D3-BF4B-00C04F79EFBC}") = "TaskManager.API", "TaskManager.API\TaskManager.API.csproj", "{49966B44-E345-4887-BFED-7459D3EAD970}"
EndProject
Project("{FAE04EC0-301F-11D3-BF4B-00C04F79EFBC}") = "TaskManager.Test", "TaskManager.Test\TaskManager.Test.csproj", "{FF8E050A-240C-42C8-BFE1-B5FC3D2F673A}"
EndProject
Global
	GlobalSection(SolutionConfigurationPlatforms) = preSolution
		Debug|Any CPU = Debug|Any CPU
		Release|Any CPU = Release|Any CPU
	EndGlobalSection
	GlobalSection(ProjectConfigurationPlatforms) = postSolution
		{5BB134CE-2EF3-4560-A9D3-904D56B955BE}.Debug|Any CPU.ActiveCfg = Debug|Any CPU
		{5BB134CE-2EF3-4560-A9D3-904D56B955BE}.Debug|Any CPU.Build.0 = Debug|Any CPU
		{5BB134CE-2EF3-4560-A9D3-904D56B955BE}.Release|Any CPU.ActiveCfg = Release|Any CPU
		{5BB134CE-2EF3-4560-A9D3-904D56B955BE}.Release|Any CPU.Build.0 = Release|Any CPU
		{B3440ACF-0E51-473B-83A2-20A0ACD4E4E6}.Debug|Any CPU.ActiveCfg = Debug|Any CPU
		{B3440ACF-0E51-473B-83A2-20A0ACD4E4E6}.Debug|Any CPU.Build.0 = Debug|Any CPU
		{B3440ACF-0E51-473B-83A2-20A0ACD4E4E6}.Release|Any CPU.ActiveCfg = Release|Any CPU
		{B3440ACF-0E51-473B-83A2-20A0ACD4E4E6}.Release|Any CPU.Build.0 = Release|Any CPU
		{26500BA4-71C6-4014-A965-F2041775F69C}.Debug|Any CPU.ActiveCfg = Debug|Any CPU
		{26500BA4-71C6-4014-A965-F2041775F69C}.Debug|Any CPU.Build.0 = Debug|Any CPU
		{26500BA4-71C6-4014-A965-F2041775F69C}.Release|Any CPU.ActiveCfg = Release|Any CPU
		{26500BA4-71C6-4014-A965-F2041775F69C}.Release|Any CPU.Build.0 = Release|Any CPU
		{49966B44-E345-4887-BFED-7459D3EAD970}.Debug|Any CPU.ActiveCfg = Debug|Any CPU
		{49966B44-E345-4887-BFED-7459D3EAD970}.Debug|Any CPU.Build.0 = Debug|Any CPU
		{49966B44-E345-4887-BFED-7459D3EAD970}.Release|Any CPU.ActiveCfg = Release|Any CPU
		{49966B44-E345-4887-BFED-7459D3EAD970}.Release|Any CPU.Build.0 = Release|Any CPU
		{FF8E050A-240C-42C8-BFE1-B5FC3D2F673A}.Debug|Any CPU.ActiveCfg = Debug|Any CPU
		{FF8E050A-240C-42C8-BFE1-B5FC3D2F673A}.Debug|Any CPU.Build.0 = Debug|Any CPU
		{FF8E050A-240C-42C8-BFE1-B5FC3D2F673A}.Release|Any CPU.ActiveCfg = Release|Any CPU
		{FF8E050A-240C-42C8-BFE1-B5FC3D2F673A}.Release|Any CPU.Build.0 = Release|Any CPU
	EndGlobalSection
	GlobalSection(SolutionProperties) = preSolution
		HideSolutionNode = FALSE
	EndGlobalSection
	GlobalSection(ExtensibilityGlobals) = postSolution
		SolutionGuid = {916E1D4A-52BA-4C2F-A622-8BC5D28A2AAF}
	EndGlobalSection
EndGlobal
